%{
  "connection": {:hex, :connection, "1.0.4", "a1cae72211f0eef17705aaededacac3eb30e6625b04a6117c1b2db6ace7d5976", [:mix], [], "hexpm", "4a0850c9be22a43af9920a71ab17c051f5f7d45c209e40269a1938832510e4d9"},
  "cowlib": {:hex, :cowlib, "2.6.0", "8aa629f81a0fc189f261dc98a42243fa842625feea3c7ec56c48f4ccdb55490f", [:rebar3], [], "hexpm", "45a1a08e05e4c66f2af665295955e337d52c2d33b1f1cf24d353cadeddf34992"},
  "dialyxir": {:hex, :dialyxir, "0.5.1", "b331b091720fd93e878137add264bac4f644e1ddae07a70bf7062c7862c4b952", [:mix], [], "hexpm", "6c32a70ed5d452c6650916555b1f96c79af5fc4bf286997f8b15f213de786f73"},
  "distillery": {:hex, :distillery, "1.5.5", "c6132d5c0152bdce6850fb6c942d58f1971b169b6965d908dc4e8767cfa51a95", [:mix], [], "hexpm", "ddc86cf2c660a52a4ddc50fe408b9fc066d8a8e2d34e5db8a916366b92048831"},
  "edeliver": {:hex, :edeliver, "1.5.3", "15a28f3fc9d7bedc8df49239d506f788cf5be233acac4a9b9c9915641acf2873", [:mix], [{:distillery, ">= 1.0.0", [hex: :distillery, repo: "hexpm", optional: true]}], "hexpm", "b8aef7530e43f7c8e0b33313e64b0904e7ad5de87e62567d1bd3ff0d57a8281a"},
  "emqttc": {:git, "https://github.com/emqtt/emqttc.git", "39993ee5c12bb84dbf972fb705de249b2ff9d693", []},
  "exirc": {:git, "https://github.com/bitwalker/exirc.git", "25b5d466808163cfcb1ce16c35e3b91ace4b891d", []},
  "exmqttc": {:hex, :exmqttc, "0.1.1", "0e90a6f7b706393a2a64970e6793ac820bbe4dd7b4432ff70eba3cc43906051b", [:mix], [{:uuid, "~> 1.1", [hex: :uuid, repo: "hexpm", optional: false]}], "hexpm"},
  "fast_xml": {:hex, :fast_xml, "1.1.41", "aa8863b33f69c91e3b333cd7e43ef9b30ce355d4b84a0e238b3219d74f71762f", [:rebar3], [{:p1_utils, "1.0.19", [hex: :p1_utils, repo: "hexpm", optional: false]}], "hexpm", "7c287341878fd6655fb09ff5dac6514fb6c79d078a53d6bc62195634944fd99c"},
  "gen_logger": {:git, "https://github.com/emqtt/gen_logger.git", "f6e9f2f373d99f41ffe0579ab5a5f3b19472c9c5", [branch: "master"]},
  "getopt": {:hex, :getopt, "1.0.1", "c73a9fa687b217f2ff79f68a3b637711bb1936e712b521d8ce466b29cbf7808a", [:rebar3], [], "hexpm", "53e1ab83b9ceb65c9672d3e7a35b8092e9bdc9b3ee80721471a161c10c59959c"},
  "goldrush": {:git, "https://github.com/basho/goldrush.git", "8f1b715d36b650ec1e1f5612c00e28af6ab0de82", [tag: "0.1.9"]},
  "gun": {:hex, :gun, "1.3.0", "18e5d269649c987af95aec309f68a27ffc3930531dd227a6eaa0884d6684286e", [:rebar3], [{:cowlib, "~> 2.6.0", [hex: :cowlib, repo: "hexpm", optional: false]}], "hexpm", "279d089773be9886fc2ed0d0c25663cc36b8755356dfd27d63c206ab20b8329a"},
  "hulaaki": {:hex, :hulaaki, "0.0.4", "be9b579573ef33138433fc4052ef9b4c04799f5a7f067b551c64ee813da01d3e", [:mix], [], "hexpm"},
  "lager": {:git, "https://github.com/basho/lager.git", "81eaef0ce98fdbf64ab95665e3bc2ec4b24c7dac", [branch: "master"]},
  "mqtt": {:git, "https://github.com/kopera/erlang-mqtt.git", "9ee0e03d0ff9d026e01b4101f0ed0fe3c2bac8b2", []},
  "msgpax": {:hex, :msgpax, "2.0.0", "5f60d2e03b1f7a90da7620ad52d386dbd173490429d53d70c3d33630aebf3e9f", [:mix], [{:plug, "~> 1.0", [hex: :plug, repo: "hexpm", optional: true]}], "hexpm"},
  "p1_utils": {:hex, :p1_utils, "1.0.19", "68373d154cc199cde33b2fd0b574e8fed0b805ff173ef0bb25792071cd3b7ab2", [:rebar3], [], "hexpm", "461634ca3c47c3378ee949664c77123bcedce82dd62496514158815c9b8e1393"},
  "poison": {:hex, :poison, "3.1.0", "d9eb636610e096f86f25d9a46f35a9facac35609a7591b3be3326e99a0484665", [:mix], [], "hexpm"},
  "riffed": {:git, "https://github.com/pinterest/riffed.git", "56ab8b2a0127e3fb9a94a13bccc682a810d45c31", []},
  "romeo": {:hex, :romeo, "0.7.0", "17e46830e49eff4d70e59147e808cd3f5f79912bb90a006afe5a8bb4355c29b3", [:mix], [{:connection, "~> 1.0", [hex: :connection, repo: "hexpm", optional: false]}, {:fast_xml, "~> 1.1", [hex: :fast_xml, repo: "hexpm", optional: false]}], "hexpm", "1ef9572e05c1f967356e1707a0a058abc6328ccdea7a8180981ef52352c83a3a"},
  "thrift": {:hex, :thrift, "1.3.2", "307e1bbb896afa9726ded9edf4a6dfa216f46562b25b173e200a3d381d8af230", [:mix], [], "hexpm", "4acf0551c916a658c65f062cb6e695f9968a7dbef45f9b7427f86705c1f1fb10"},
  "uuid": {:hex, :uuid, "1.1.7", "007afd58273bc0bc7f849c3bdc763e2f8124e83b957e515368c498b641f7ab69", [:mix], [], "hexpm"},
}
